
Microsoft Visual Studio Solution File, Format Version 12.00
# Visual Studio 15
VisualStudioVersion = 15.0.27130.2027
MinimumVisualStudioVersion = 10.0.40219.1
Project("{FAE04EC0-301F-11D3-BF4B-00C04F79EFBC}") = "SystemTemperatureStatusWindow", "Window\SystemTemperatureStatusWindow.csproj", "{E45425FD-4302-4555-8F24-18F2373DE1CE}"
EndProject
Project("{FAE04EC0-301F-11D3-BF4B-00C04F79EFBC}") = "SystemTemperatureService", "Service\SystemTemperatureService.csproj", "{94DE06A9-4F37-487B-96E9-663B9A98F05D}"
EndProject
Project("{FAE04EC0-301F-11D3-BF4B-00C04F79EFBC}") = "Common", "Service\Common\Common.csproj", "{17864D82-457D-4A0A-BC10-1D07F2B3A5D6}"
EndProject
Project("{FAE04EC0-301F-11D3-BF4B-00C04F79EFBC}") = "OpenHardwareMonitorLib", "Service\openhardwaremonitor\OpenHardwareMonitorLib.csproj", "{B0397530-545A-471D-BB74-027AE456DF1A}"
EndProject
Project("{FAE04EC0-301F-11D3-BF4B-00C04F79EFBC}") = "Common.Native", "Window\FloatingStatusWindow\Library\Common.Wpf\Common.Native\Common.Native.csproj", "{ED1C07A1-54F5-4796-8B06-2A0BB1960D84}"
EndProject
Project("{FAE04EC0-301F-11D3-BF4B-00C04F79EFBC}") = "Common.Wpf", "Window\FloatingStatusWindow\Library\Common.Wpf\Common.Wpf.csproj", "{0074C983-550E-4094-9E8C-F566FB669297}"
EndProject
Project("{FAE04EC0-301F-11D3-BF4B-00C04F79EFBC}") = "FloatingStatusWindow", "Window\FloatingStatusWindow\Library\FloatingStatusWindow.csproj", "{F023A16C-2F13-4A87-A8B7-22C43C4A58A4}"
EndProject
Project("{2150E333-8FDC-42A3-9474-1A3956D46DE8}") = "Solution", "Solution", "{DB32E0C0-3FEF-41DD-A898-016972B75CAF}"
	ProjectSection(SolutionItems) = preProject
		.gitignore = .gitignore
	EndProjectSection
EndProject
Global
	GlobalSection(SolutionConfigurationPlatforms) = preSolution
		Debug|Any CPU = Debug|Any CPU
		Debug|x64 = Debug|x64
		Debug|x86 = Debug|x86
		Release|Any CPU = Release|Any CPU
		Release|x64 = Release|x64
		Release|x86 = Release|x86
	EndGlobalSection
	GlobalSection(ProjectConfigurationPlatforms) = postSolution
		{E45425FD-4302-4555-8F24-18F2373DE1CE}.Debug|Any CPU.ActiveCfg = Debug|Any CPU
		{E45425FD-4302-4555-8F24-18F2373DE1CE}.Debug|Any CPU.Build.0 = Debug|Any CPU
		{E45425FD-4302-4555-8F24-18F2373DE1CE}.Debug|x64.ActiveCfg = Debug|Any CPU
		{E45425FD-4302-4555-8F24-18F2373DE1CE}.Debug|x86.ActiveCfg = Debug|Any CPU
		{E45425FD-4302-4555-8F24-18F2373DE1CE}.Release|Any CPU.ActiveCfg = Release|Any CPU
		{E45425FD-4302-4555-8F24-18F2373DE1CE}.Release|Any CPU.Build.0 = Release|Any CPU
		{E45425FD-4302-4555-8F24-18F2373DE1CE}.Release|x64.ActiveCfg = Release|Any CPU
		{E45425FD-4302-4555-8F24-18F2373DE1CE}.Release|x86.ActiveCfg = Release|Any CPU
		{94DE06A9-4F37-487B-96E9-663B9A98F05D}.Debug|Any CPU.ActiveCfg = Debug|Any CPU
		{94DE06A9-4F37-487B-96E9-663B9A98F05D}.Debug|Any CPU.Build.0 = Debug|Any CPU
		{94DE06A9-4F37-487B-96E9-663B9A98F05D}.Debug|x64.ActiveCfg = Debug|Any CPU
		{94DE06A9-4F37-487B-96E9-663B9A98F05D}.Debug|x86.ActiveCfg = Debug|Any CPU
		{94DE06A9-4F37-487B-96E9-663B9A98F05D}.Release|Any CPU.ActiveCfg = Release|Any CPU
		{94DE06A9-4F37-487B-96E9-663B9A98F05D}.Release|Any CPU.Build.0 = Release|Any CPU
		{94DE06A9-4F37-487B-96E9-663B9A98F05D}.Release|x64.ActiveCfg = Release|Any CPU
		{94DE06A9-4F37-487B-96E9-663B9A98F05D}.Release|x86.ActiveCfg = Release|Any CPU
		{17864D82-457D-4A0A-BC10-1D07F2B3A5D6}.Debug|Any CPU.ActiveCfg = Debug|Any CPU
		{17864D82-457D-4A0A-BC10-1D07F2B3A5D6}.Debug|Any CPU.Build.0 = Debug|Any CPU
		{17864D82-457D-4A0A-BC10-1D07F2B3A5D6}.Debug|x64.ActiveCfg = Debug|x64
		{17864D82-457D-4A0A-BC10-1D07F2B3A5D6}.Debug|x64.Build.0 = Debug|x64
		{17864D82-457D-4A0A-BC10-1D07F2B3A5D6}.Debug|x86.ActiveCfg = Debug|x86
		{17864D82-457D-4A0A-BC10-1D07F2B3A5D6}.Debug|x86.Build.0 = Debug|x86
		{17864D82-457D-4A0A-BC10-1D07F2B3A5D6}.Release|Any CPU.ActiveCfg = Release|Any CPU
		{17864D82-457D-4A0A-BC10-1D07F2B3A5D6}.Release|Any CPU.Build.0 = Release|Any CPU
		{17864D82-457D-4A0A-BC10-1D07F2B3A5D6}.Release|x64.ActiveCfg = Release|x64
		{17864D82-457D-4A0A-BC10-1D07F2B3A5D6}.Release|x64.Build.0 = Release|x64
		{17864D82-457D-4A0A-BC10-1D07F2B3A5D6}.Release|x86.ActiveCfg = Release|x86
		{17864D82-457D-4A0A-BC10-1D07F2B3A5D6}.Release|x86.Build.0 = Release|x86
		{B0397530-545A-471D-BB74-027AE456DF1A}.Debug|Any CPU.ActiveCfg = Debug|Any CPU
		{B0397530-545A-471D-BB74-027AE456DF1A}.Debug|Any CPU.Build.0 = Debug|Any CPU
		{B0397530-545A-471D-BB74-027AE456DF1A}.Debug|x64.ActiveCfg = Debug|Any CPU
		{B0397530-545A-471D-BB74-027AE456DF1A}.Debug|x64.Build.0 = Debug|Any CPU
		{B0397530-545A-471D-BB74-027AE456DF1A}.Debug|x86.ActiveCfg = Debug|Any CPU
		{B0397530-545A-471D-BB74-027AE456DF1A}.Debug|x86.Build.0 = Debug|Any CPU
		{B0397530-545A-471D-BB74-027AE456DF1A}.Release|Any CPU.ActiveCfg = Release|Any CPU
		{B0397530-545A-471D-BB74-027AE456DF1A}.Release|Any CPU.Build.0 = Release|Any CPU
		{B0397530-545A-471D-BB74-027AE456DF1A}.Release|x64.ActiveCfg = Release|Any CPU
		{B0397530-545A-471D-BB74-027AE456DF1A}.Release|x64.Build.0 = Release|Any CPU
		{B0397530-545A-471D-BB74-027AE456DF1A}.Release|x86.ActiveCfg = Release|Any CPU
		{B0397530-545A-471D-BB74-027AE456DF1A}.Release|x86.Build.0 = Release|Any CPU
		{ED1C07A1-54F5-4796-8B06-2A0BB1960D84}.Debug|Any CPU.ActiveCfg = Debug|Any CPU
		{ED1C07A1-54F5-4796-8B06-2A0BB1960D84}.Debug|Any CPU.Build.0 = Debug|Any CPU
		{ED1C07A1-54F5-4796-8B06-2A0BB1960D84}.Debug|x64.ActiveCfg = Debug|x64
		{ED1C07A1-54F5-4796-8B06-2A0BB1960D84}.Debug|x64.Build.0 = Debug|x64
		{ED1C07A1-54F5-4796-8B06-2A0BB1960D84}.Debug|x86.ActiveCfg = Debug|x86
		{ED1C07A1-54F5-4796-8B06-2A0BB1960D84}.Debug|x86.Build.0 = Debug|x86
		{ED1C07A1-54F5-4796-8B06-2A0BB1960D84}.Release|Any CPU.ActiveCfg = Release|Any CPU
		{ED1C07A1-54F5-4796-8B06-2A0BB1960D84}.Release|Any CPU.Build.0 = Release|Any CPU
		{ED1C07A1-54F5-4796-8B06-2A0BB1960D84}.Release|x64.ActiveCfg = Release|x64
		{ED1C07A1-54F5-4796-8B06-2A0BB1960D84}.Release|x64.Build.0 = Release|x64
		{ED1C07A1-54F5-4796-8B06-2A0BB1960D84}.Release|x86.ActiveCfg = Release|x86
		{ED1C07A1-54F5-4796-8B06-2A0BB1960D84}.Release|x86.Build.0 = Release|x86
		{0074C983-550E-4094-9E8C-F566FB669297}.Debug|Any CPU.ActiveCfg = Debug|Any CPU
		{0074C983-550E-4094-9E8C-F566FB669297}.Debug|Any CPU.Build.0 = Debug|Any CPU
		{0074C983-550E-4094-9E8C-F566FB669297}.Debug|x64.ActiveCfg = Debug|x64
		{0074C983-550E-4094-9E8C-F566FB669297}.Debug|x64.Build.0 = Debug|x64
		{0074C983-550E-4094-9E8C-F566FB669297}.Debug|x86.ActiveCfg = Debug|x86
		{0074C983-550E-4094-9E8C-F566FB669297}.Debug|x86.Build.0 = Debug|x86
		{0074C983-550E-4094-9E8C-F566FB669297}.Release|Any CPU.ActiveCfg = Release|Any CPU
		{0074C983-550E-4094-9E8C-F566FB669297}.Release|Any CPU.Build.0 = Release|Any CPU
		{0074C983-550E-4094-9E8C-F566FB669297}.Release|x64.ActiveCfg = Release|x64
		{0074C983-550E-4094-9E8C-F566FB669297}.Release|x64.Build.0 = Release|x64
		{0074C983-550E-4094-9E8C-F566FB669297}.Release|x86.ActiveCfg = Release|x86
		{0074C983-550E-4094-9E8C-F566FB669297}.Release|x86.Build.0 = Release|x86
		{F023A16C-2F13-4A87-A8B7-22C43C4A58A4}.Debug|Any CPU.ActiveCfg = Debug|Any CPU
		{F023A16C-2F13-4A87-A8B7-22C43C4A58A4}.Debug|Any CPU.Build.0 = Debug|Any CPU
		{F023A16C-2F13-4A87-A8B7-22C43C4A58A4}.Debug|x64.ActiveCfg = Debug|Any CPU
		{F023A16C-2F13-4A87-A8B7-22C43C4A58A4}.Debug|x64.Build.0 = Debug|Any CPU
		{F023A16C-2F13-4A87-A8B7-22C43C4A58A4}.Debug|x86.ActiveCfg = Debug|Any CPU
		{F023A16C-2F13-4A87-A8B7-22C43C4A58A4}.Debug|x86.Build.0 = Debug|Any CPU
		{F023A16C-2F13-4A87-A8B7-22C43C4A58A4}.Release|Any CPU.ActiveCfg = Release|Any CPU
		{F023A16C-2F13-4A87-A8B7-22C43C4A58A4}.Release|Any CPU.Build.0 = Release|Any CPU
		{F023A16C-2F13-4A87-A8B7-22C43C4A58A4}.Release|x64.ActiveCfg = Release|Any CPU
		{F023A16C-2F13-4A87-A8B7-22C43C4A58A4}.Release|x64.Build.0 = Release|Any CPU
		{F023A16C-2F13-4A87-A8B7-22C43C4A58A4}.Release|x86.ActiveCfg = Release|Any CPU
		{F023A16C-2F13-4A87-A8B7-22C43C4A58A4}.Release|x86.Build.0 = Release|Any CPU
	EndGlobalSection
	GlobalSection(SolutionProperties) = preSolution
		HideSolutionNode = FALSE
	EndGlobalSection
	GlobalSection(ExtensibilityGlobals) = postSolution
		SolutionGuid = {D116827F-E417-40DC-8FB9-EED6A440A00E}
	EndGlobalSection
EndGlobal
